
Microsoft Visual Studio Solution File, Format Version 12.00
# Visual Studio Version 17
VisualStudioVersion = 17.14.36414.22 d17.14
MinimumVisualStudioVersion = 10.0.40219.1
Project("{FAE04EC0-301F-11D3-BF4B-00C04F79EFBC}") = "Auth0WebAPI", "Auth0WebAPI\Auth0WebAPI.csproj", "{F1ED8283-D1E4-4806-B459-9DD8FEA71876}"
EndProject
Global
	GlobalSection(SolutionConfigurationPlatforms) = preSolution
		Debug|Any CPU = Debug|Any CPU
		Release|Any CPU = Release|Any CPU
	EndGlobalSection
	GlobalSection(ProjectConfigurationPlatforms) = postSolution
		{F1ED8283-D1E4-4806-B459-9DD8FEA71876}.Debug|Any CPU.ActiveCfg = Debug|Any CPU
		{F1ED8283-D1E4-4806-B459-9DD8FEA71876}.Debug|Any CPU.Build.0 = Debug|Any CPU
		{F1ED8283-D1E4-4806-B459-9DD8FEA71876}.Release|Any CPU.ActiveCfg = Release|Any CPU
		{F1ED8283-D1E4-4806-B459-9DD8FEA71876}.Release|Any CPU.Build.0 = Release|Any CPU
	EndGlobalSection
	GlobalSection(SolutionProperties) = preSolution
		HideSolutionNode = FALSE
	EndGlobalSection
	GlobalSection(ExtensibilityGlobals) = postSolution
		SolutionGuid = {14319B40-D7C1-4A34-BE05-2C55382D0486}
	EndGlobalSection
EndGlobal
